
Microsoft Visual Studio Solution File, Format Version 12.00
Project("{FAE04EC0-301F-11D3-BF4B-00C04F79EFBC}") = "Server", "Server\Server.csproj", "{05354196-0AEE-400A-85A9-E6CC82846D52}"
EndProject
Project("{FAE04EC0-301F-11D3-BF4B-00C04F79EFBC}") = "Client", "Client\Client.csproj", "{0FB3D447-A3E4-45CD-9BCE-01BCA5DE11D3}"
EndProject
Global
	GlobalSection(SolutionConfigurationPlatforms) = preSolution
		Debug|Any CPU = Debug|Any CPU
		Release|Any CPU = Release|Any CPU
	EndGlobalSection
	GlobalSection(ProjectConfigurationPlatforms) = postSolution
		{05354196-0AEE-400A-85A9-E6CC82846D52}.Debug|Any CPU.ActiveCfg = Debug|Any CPU
		{05354196-0AEE-400A-85A9-E6CC82846D52}.Debug|Any CPU.Build.0 = Debug|Any CPU
		{05354196-0AEE-400A-85A9-E6CC82846D52}.Release|Any CPU.ActiveCfg = Release|Any CPU
		{05354196-0AEE-400A-85A9-E6CC82846D52}.Release|Any CPU.Build.0 = Release|Any CPU
		{0FB3D447-A3E4-45CD-9BCE-01BCA5DE11D3}.Debug|Any CPU.ActiveCfg = Debug|Any CPU
		{0FB3D447-A3E4-45CD-9BCE-01BCA5DE11D3}.Debug|Any CPU.Build.0 = Debug|Any CPU
		{0FB3D447-A3E4-45CD-9BCE-01BCA5DE11D3}.Release|Any CPU.ActiveCfg = Release|Any CPU
		{0FB3D447-A3E4-45CD-9BCE-01BCA5DE11D3}.Release|Any CPU.Build.0 = Release|Any CPU
	EndGlobalSection
EndGlobal
